
Microsoft Visual Studio Solution File, Format Version 12.00
# Visual Studio Version 17
VisualStudioVersion = 17.5.33424.131
MinimumVisualStudioVersion = 10.0.40219.1
Project("{FAE04EC0-301F-11D3-BF4B-00C04F79EFBC}") = "CursValutar", "CursValutar\CursValutar.csproj", "{BA61AF93-F5C1-481A-B3CA-5160E06C1691}"
EndProject
Global
	GlobalSection(SolutionConfigurationPlatforms) = preSolution
		Debug|Any CPU = Debug|Any CPU
		Release|Any CPU = Release|Any CPU
	EndGlobalSection
	GlobalSection(ProjectConfigurationPlatforms) = postSolution
		{BA61AF93-F5C1-481A-B3CA-5160E06C1691}.Debug|Any CPU.ActiveCfg = Debug|Any CPU
		{BA61AF93-F5C1-481A-B3CA-5160E06C1691}.Debug|Any CPU.Build.0 = Debug|Any CPU
		{BA61AF93-F5C1-481A-B3CA-5160E06C1691}.Release|Any CPU.ActiveCfg = Release|Any CPU
		{BA61AF93-F5C1-481A-B3CA-5160E06C1691}.Release|Any CPU.Build.0 = Release|Any CPU
	EndGlobalSection
	GlobalSection(SolutionProperties) = preSolution
		HideSolutionNode = FALSE
	EndGlobalSection
	GlobalSection(ExtensibilityGlobals) = postSolution
		SolutionGuid = {4F4400D1-A4C5-4B26-8A2D-BDCAF53A464C}
	EndGlobalSection
EndGlobal
