
Microsoft Visual Studio Solution File, Format Version 12.00
# Visual Studio Version 17
VisualStudioVersion = 17.5.33424.131
MinimumVisualStudioVersion = 10.0.40219.1
Project("{FAE04EC0-301F-11D3-BF4B-00C04F79EFBC}") = "AppGestionareAngajati", "AppGestionareAngajati\AppGestionareAngajati.csproj", "{960462D2-4931-4680-BA1F-7BA957EF6470}"
EndProject
Global
	GlobalSection(SolutionConfigurationPlatforms) = preSolution
		Debug|Any CPU = Debug|Any CPU
		Release|Any CPU = Release|Any CPU
	EndGlobalSection
	GlobalSection(ProjectConfigurationPlatforms) = postSolution
		{960462D2-4931-4680-BA1F-7BA957EF6470}.Debug|Any CPU.ActiveCfg = Debug|Any CPU
		{960462D2-4931-4680-BA1F-7BA957EF6470}.Debug|Any CPU.Build.0 = Debug|Any CPU
		{960462D2-4931-4680-BA1F-7BA957EF6470}.Release|Any CPU.ActiveCfg = Release|Any CPU
		{960462D2-4931-4680-BA1F-7BA957EF6470}.Release|Any CPU.Build.0 = Release|Any CPU
	EndGlobalSection
	GlobalSection(SolutionProperties) = preSolution
		HideSolutionNode = FALSE
	EndGlobalSection
	GlobalSection(ExtensibilityGlobals) = postSolution
		SolutionGuid = {FF413F26-3CD2-4617-9C11-F7D2311B9F81}
	EndGlobalSection
EndGlobal
