
Microsoft Visual Studio Solution File, Format Version 12.00
# Visual Studio Version 17
VisualStudioVersion = 17.6.33829.357
MinimumVisualStudioVersion = 10.0.40219.1
Project("{FAE04EC0-301F-11D3-BF4B-00C04F79EFBC}") = "AppCalculator", "AppCalculator\AppCalculator.csproj", "{16AC322F-0A7F-48D2-A5D9-9280847D9753}"
EndProject
Project("{FAE04EC0-301F-11D3-BF4B-00C04F79EFBC}") = "AppCalculator.Tests", "AppCalculator.Tests\AppCalculator.Tests.csproj", "{476ED0F0-AB02-4679-B16E-3549AF560D1C}"
EndProject
Global
	GlobalSection(SolutionConfigurationPlatforms) = preSolution
		Debug|Any CPU = Debug|Any CPU
		Release|Any CPU = Release|Any CPU
	EndGlobalSection
	GlobalSection(ProjectConfigurationPlatforms) = postSolution
		{16AC322F-0A7F-48D2-A5D9-9280847D9753}.Debug|Any CPU.ActiveCfg = Debug|Any CPU
		{16AC322F-0A7F-48D2-A5D9-9280847D9753}.Debug|Any CPU.Build.0 = Debug|Any CPU
		{16AC322F-0A7F-48D2-A5D9-9280847D9753}.Release|Any CPU.ActiveCfg = Release|Any CPU
		{16AC322F-0A7F-48D2-A5D9-9280847D9753}.Release|Any CPU.Build.0 = Release|Any CPU
		{476ED0F0-AB02-4679-B16E-3549AF560D1C}.Debug|Any CPU.ActiveCfg = Debug|Any CPU
		{476ED0F0-AB02-4679-B16E-3549AF560D1C}.Debug|Any CPU.Build.0 = Debug|Any CPU
		{476ED0F0-AB02-4679-B16E-3549AF560D1C}.Release|Any CPU.ActiveCfg = Release|Any CPU
		{476ED0F0-AB02-4679-B16E-3549AF560D1C}.Release|Any CPU.Build.0 = Release|Any CPU
	EndGlobalSection
	GlobalSection(SolutionProperties) = preSolution
		HideSolutionNode = FALSE
	EndGlobalSection
	GlobalSection(ExtensibilityGlobals) = postSolution
		SolutionGuid = {E1119043-BA6F-4D3C-A98D-490111313267}
	EndGlobalSection
EndGlobal
