
Microsoft Visual Studio Solution File, Format Version 12.00
# Visual Studio Version 17
VisualStudioVersion = 17.5.33424.131
MinimumVisualStudioVersion = 10.0.40219.1
Project("{9A19103F-16F7-4668-BE54-9A1E7A4F7556}") = "AppShape", "AppShape\AppShape.csproj", "{BD29327B-004B-4F32-B78D-89AE03CAC7A7}"
EndProject
Project("{FAE04EC0-301F-11D3-BF4B-00C04F79EFBC}") = "AppILogger", "AppILogger\AppILogger.csproj", "{0992B824-5B8E-4C29-868D-155CFDB40B0C}"
EndProject
Global
	GlobalSection(SolutionConfigurationPlatforms) = preSolution
		Debug|Any CPU = Debug|Any CPU
		Release|Any CPU = Release|Any CPU
	EndGlobalSection
	GlobalSection(ProjectConfigurationPlatforms) = postSolution
		{BD29327B-004B-4F32-B78D-89AE03CAC7A7}.Debug|Any CPU.ActiveCfg = Debug|Any CPU
		{BD29327B-004B-4F32-B78D-89AE03CAC7A7}.Debug|Any CPU.Build.0 = Debug|Any CPU
		{BD29327B-004B-4F32-B78D-89AE03CAC7A7}.Release|Any CPU.ActiveCfg = Release|Any CPU
		{BD29327B-004B-4F32-B78D-89AE03CAC7A7}.Release|Any CPU.Build.0 = Release|Any CPU
		{0992B824-5B8E-4C29-868D-155CFDB40B0C}.Debug|Any CPU.ActiveCfg = Debug|Any CPU
		{0992B824-5B8E-4C29-868D-155CFDB40B0C}.Debug|Any CPU.Build.0 = Debug|Any CPU
		{0992B824-5B8E-4C29-868D-155CFDB40B0C}.Release|Any CPU.ActiveCfg = Release|Any CPU
		{0992B824-5B8E-4C29-868D-155CFDB40B0C}.Release|Any CPU.Build.0 = Release|Any CPU
	EndGlobalSection
	GlobalSection(SolutionProperties) = preSolution
		HideSolutionNode = FALSE
	EndGlobalSection
	GlobalSection(ExtensibilityGlobals) = postSolution
		SolutionGuid = {BC9EA059-0854-4510-A648-7EDF2B27E0D6}
	EndGlobalSection
EndGlobal
